
Microsoft Visual Studio Solution File, Format Version 12.00
# Visual Studio Version 16
VisualStudioVersion = 16.0.30717.126
MinimumVisualStudioVersion = 10.0.40219.1
Project("{FAE04EC0-301F-11D3-BF4B-00C04F79EFBC}") = "ProjectPharmacy", "ProjectPharmacy\ProjectPharmacy.csproj", "{646B9D23-BD8F-4A4A-B6E8-2D3813A4AA68}"
EndProject
Global
	GlobalSection(SolutionConfigurationPlatforms) = preSolution
		Debug|Any CPU = Debug|Any CPU
		Release|Any CPU = Release|Any CPU
	EndGlobalSection
	GlobalSection(ProjectConfigurationPlatforms) = postSolution
		{646B9D23-BD8F-4A4A-B6E8-2D3813A4AA68}.Debug|Any CPU.ActiveCfg = Debug|Any CPU
		{646B9D23-BD8F-4A4A-B6E8-2D3813A4AA68}.Debug|Any CPU.Build.0 = Debug|Any CPU
		{646B9D23-BD8F-4A4A-B6E8-2D3813A4AA68}.Release|Any CPU.ActiveCfg = Release|Any CPU
		{646B9D23-BD8F-4A4A-B6E8-2D3813A4AA68}.Release|Any CPU.Build.0 = Release|Any CPU
	EndGlobalSection
	GlobalSection(SolutionProperties) = preSolution
		HideSolutionNode = FALSE
	EndGlobalSection
	GlobalSection(ExtensibilityGlobals) = postSolution
		SolutionGuid = {B855A8CE-7D66-430E-A005-4CEC9FEF9129}
	EndGlobalSection
EndGlobal
